{
  "name": "sample_repo_mixed",
  "version": "1.0.0",
  "lockfileVersion": 2,
  "requires": true,
  "packages": {
    "": {
      "name": "sample_repo_mixed",
      "version": "1.0.0",
      "dependencies": {
        "claud-code": "0.2.1",
        "cloude-code": "0.2.0",
        "cloude": "0.3.0",
        "detect-cache": "1.0.0",
        "veim": "2.46.2",
        "yarsg": "18.0.1",
        "axios": "1.6.7",
        "lodash": "4.17.21"
      }
    },
    "node_modules/claud-code": {
      "version": "0.2.1"
    },
    "node_modules/cloude-code": {
      "version": "0.2.0"
    },
    "node_modules/cloude": {
      "version": "0.3.0"
    },
    "node_modules/detect-cache": {
      "version": "1.0.0"
    },
    "node_modules/veim": {
      "version": "2.46.2"
    },
    "node_modules/yarsg": {
      "version": "18.0.1"
    },
    "node_modules/axios": {
      "version": "1.6.7"
    },
    "node_modules/lodash": {
      "version": "4.17.21"
    }
  },
  "dependencies": {
    "claud-code": {
      "version": "0.2.1"
    },
    "cloude-code": {
      "version": "0.2.0"
    },
    "cloude": {
      "version": "0.3.0"
    },
    "detect-cache": {
      "version": "1.0.0"
    },
    "veim": {
      "version": "2.46.2"
    },
    "yarsg": {
      "version": "18.0.1"
    },
    "axios": {
      "version": "1.6.7"
    },
    "lodash": {
      "version": "4.17.21"
    }
  }
}
