{
  "name": "sample_repo_clean",
  "version": "1.0.0",
  "lockfileVersion": 2,
  "requires": true,
  "packages": {
    "": {
      "name": "sample_repo_clean",
      "version": "1.0.0",
      "dependencies": {
        "axios": "1.6.7",
        "lodash": "4.17.21",
        "chalk": "5.3.0"
      }
    },
    "node_modules/axios": {
      "version": "1.6.7"
    },
    "node_modules/lodash": {
      "version": "4.17.21"
    },
    "node_modules/chalk": {
      "version": "5.3.0"
    }
  },
  "dependencies": {
    "axios": {
      "version": "1.6.7"
    },
    "lodash": {
      "version": "4.17.21"
    },
    "chalk": {
      "version": "5.3.0"
    }
  }
}
