{
  "name": "sample_repo_safe_versions",
  "version": "1.0.0",
  "lockfileVersion": 2,
  "requires": true,
  "packages": {
    "": {
      "name": "sample_repo_safe_versions",
      "version": "1.0.0",
      "dependencies": {
        "claud-code": "0.2.0",
        "cloude-code": "0.2.0",
        "cloude": "0.2.9",
        "detect-cache": "0.9.9",
        "axios": "1.6.7"
      }
    },
    "node_modules/claud-code": {
      "version": "0.2.0"
    },
    "node_modules/cloude-code": {
      "version": "0.2.0"
    },
    "node_modules/cloude": {
      "version": "0.2.9"
    },
    "node_modules/detect-cache": {
      "version": "0.9.9"
    },
    "node_modules/axios": {
      "version": "1.6.7"
    }
  },
  "dependencies": {
    "claud-code": {
      "version": "0.2.0"
    },
    "cloude-code": {
      "version": "0.2.0"
    },
    "cloude": {
      "version": "0.2.9"
    },
    "detect-cache": {
      "version": "0.9.9"
    },
    "axios": {
      "version": "1.6.7"
    }
  }
}
